
Microsoft Visual Studio Solution File, Format Version 12.00
# Visual Studio Version 16
VisualStudioVersion = 16.0.31911.196
MinimumVisualStudioVersion = 10.0.40219.1
Project("{8BC9CEB8-8B4A-11D0-8D11-00A0C91BC942}") = "MasterMind_v2", "MasterMind_v2.vcxproj", "{40DA447D-E22E-4C56-9491-229FF082B98C}"
EndProject
Project("{8BC9CEB8-8B4A-11D0-8D11-00A0C91BC942}") = "GenSetN_Tests", "GenSetN_Tests\GenSetN_Tests.vcxproj", "{83D66CE7-1222-4946-B710-18A802CD70E6}"
EndProject
Project("{8BC9CEB8-8B4A-11D0-8D11-00A0C91BC942}") = "NumberCompare_Tests", "NumberCompare_Tests\NumberCompare_Tests.vcxproj", "{502D5EF5-F54F-4D20-9959-79137A096F85}"
EndProject
Global
	GlobalSection(SolutionConfigurationPlatforms) = preSolution
		Debug|x64 = Debug|x64
		Debug|x86 = Debug|x86
		Release|x64 = Release|x64
		Release|x86 = Release|x86
	EndGlobalSection
	GlobalSection(ProjectConfigurationPlatforms) = postSolution
		{40DA447D-E22E-4C56-9491-229FF082B98C}.Debug|x64.ActiveCfg = Debug|x64
		{40DA447D-E22E-4C56-9491-229FF082B98C}.Debug|x64.Build.0 = Debug|x64
		{40DA447D-E22E-4C56-9491-229FF082B98C}.Debug|x86.ActiveCfg = Debug|Win32
		{40DA447D-E22E-4C56-9491-229FF082B98C}.Debug|x86.Build.0 = Debug|Win32
		{40DA447D-E22E-4C56-9491-229FF082B98C}.Release|x64.ActiveCfg = Release|x64
		{40DA447D-E22E-4C56-9491-229FF082B98C}.Release|x64.Build.0 = Release|x64
		{40DA447D-E22E-4C56-9491-229FF082B98C}.Release|x86.ActiveCfg = Release|Win32
		{40DA447D-E22E-4C56-9491-229FF082B98C}.Release|x86.Build.0 = Release|Win32
		{83D66CE7-1222-4946-B710-18A802CD70E6}.Debug|x64.ActiveCfg = Debug|x64
		{83D66CE7-1222-4946-B710-18A802CD70E6}.Debug|x64.Build.0 = Debug|x64
		{83D66CE7-1222-4946-B710-18A802CD70E6}.Debug|x86.ActiveCfg = Debug|Win32
		{83D66CE7-1222-4946-B710-18A802CD70E6}.Debug|x86.Build.0 = Debug|Win32
		{83D66CE7-1222-4946-B710-18A802CD70E6}.Release|x64.ActiveCfg = Release|x64
		{83D66CE7-1222-4946-B710-18A802CD70E6}.Release|x64.Build.0 = Release|x64
		{83D66CE7-1222-4946-B710-18A802CD70E6}.Release|x86.ActiveCfg = Release|Win32
		{83D66CE7-1222-4946-B710-18A802CD70E6}.Release|x86.Build.0 = Release|Win32
		{502D5EF5-F54F-4D20-9959-79137A096F85}.Debug|x64.ActiveCfg = Debug|x64
		{502D5EF5-F54F-4D20-9959-79137A096F85}.Debug|x64.Build.0 = Debug|x64
		{502D5EF5-F54F-4D20-9959-79137A096F85}.Debug|x86.ActiveCfg = Debug|Win32
		{502D5EF5-F54F-4D20-9959-79137A096F85}.Debug|x86.Build.0 = Debug|Win32
		{502D5EF5-F54F-4D20-9959-79137A096F85}.Release|x64.ActiveCfg = Release|x64
		{502D5EF5-F54F-4D20-9959-79137A096F85}.Release|x64.Build.0 = Release|x64
		{502D5EF5-F54F-4D20-9959-79137A096F85}.Release|x86.ActiveCfg = Release|Win32
		{502D5EF5-F54F-4D20-9959-79137A096F85}.Release|x86.Build.0 = Release|Win32
	EndGlobalSection
	GlobalSection(SolutionProperties) = preSolution
		HideSolutionNode = FALSE
	EndGlobalSection
	GlobalSection(ExtensibilityGlobals) = postSolution
		SolutionGuid = {BC8DCB17-1551-4BCC-966E-B0A85D99E078}
	EndGlobalSection
EndGlobal
